Microsoft Visual Studio Solution File, Format Version 12.00
# Visual Studio Version 17
VisualStudioVersion = 17.5.2.0
MinimumVisualStudioVersion = 10.0.40219.1
Project("{FAE04EC0-301F-11D3-BF4B-00C04F79EFBC}") = "ScientificMilkyWayVisual", "ScientificMilkyWayVisual\ScientificMilkyWayVisual.csproj", "{290140C6-4D9E-1AD0-6DA3-E9BBB7FDDF11}"
EndProject
Global
	GlobalSection(SolutionConfigurationPlatforms) = preSolution
		Debug|Any CPU = Debug|Any CPU
		Release|Any CPU = Release|Any CPU
	EndGlobalSection
	GlobalSection(ProjectConfigurationPlatforms) = postSolution
		{290140C6-4D9E-1AD0-6DA3-E9BBB7FDDF11}.Debug|Any CPU.ActiveCfg = Debug|Any CPU
		{290140C6-4D9E-1AD0-6DA3-E9BBB7FDDF11}.Debug|Any CPU.Build.0 = Debug|Any CPU
		{290140C6-4D9E-1AD0-6DA3-E9BBB7FDDF11}.Release|Any CPU.ActiveCfg = Release|Any CPU
		{290140C6-4D9E-1AD0-6DA3-E9BBB7FDDF11}.Release|Any CPU.Build.0 = Release|Any CPU
	EndGlobalSection
	GlobalSection(SolutionProperties) = preSolution
		HideSolutionNode = FALSE
	EndGlobalSection
	GlobalSection(ExtensibilityGlobals) = postSolution
		SolutionGuid = {8A30CD2A-68BB-48CF-A60B-4856A326CF00}
	EndGlobalSection
EndGlobal
